<?xml version="1.0" encoding="utf-8"?>
<Project ToolsVersion="4.0" xmlns="http://schemas.microsoft.com/developer/msbuild/2003">
  <ItemGroup>
    <Filter Include="Source Files">
      <UniqueIdentifier>{4FC737F1-C7A5-4376-A066-2A32D752A2FF}</UniqueIdentifier>
      <Extensions>cpp;c;cc;cxx;def;odl;idl;hpj;bat;asm;asmx</Extensions>
    </Filter>
    <Filter Include="Header Files">
      <UniqueIdentifier>{93995380-89BD-4b04-88EB-625FBE52EBFB}</UniqueIdentifier>
      <Extensions>h;hh;hpp;hxx;hm;inl;inc;ipp;xsd</Extensions>
    </Filter>
    <Filter Include="Resource Files">
      <UniqueIdentifier>{67DA6AB6-F800-4c08-8B7A-83BB121AAD01}</UniqueIdentifier>
      <Extensions>rc;ico;cur;bmp;dlg;rc2;rct;bin;rgs;gif;jpg;jpeg;jpe;resx;tiff;tif;png;wav;mfcribbon-ms</Extensions>
    </Filter>
    <Filter Include="d8u">
      <UniqueIdentifier>{58ea17f4-1b98-458d-8fe7-cbefa47d8131}</UniqueIdentifier>
    </Filter>
    <Filter Include="Source Files\lzma">
      <UniqueIdentifier>{a1c5d6f0-5ce4-4246-ab3d-d514d0d59e94}</UniqueIdentifier>
    </Filter>
    <Filter Include="Source Files\zopfli">
      <UniqueIdentifier>{63bb105a-d553-4b91-a9c0-252622cffff1}</UniqueIdentifier>
    </Filter>
    <Filter Include="Source Files\minilzo">
      <UniqueIdentifier>{ae7f1f10-fda3-4b23-a26e-7ddda416d42f}</UniqueIdentifier>
    </Filter>
    <Filter Include="Source Files\ltc">
      <UniqueIdentifier>{051bf7c2-1755-4485-8df2-56e401f398ae}</UniqueIdentifier>
    </Filter>
  </ItemGroup>
  <ItemGroup>
    <ClCompile Include="d8u.cpp">
      <Filter>Source Files</Filter>
    </ClCompile>
    <ClCompile Include="d8u\compare.hpp">
      <Filter>Header Files</Filter>
    </ClCompile>
    <ClCompile Include="..\common\LZMA19.00\LZMA\7zAlloc.c">
      <Filter>Source Files\lzma</Filter>
    </ClCompile>
    <ClCompile Include="..\common\LZMA19.00\LZMA\7zArcIn.c">
      <Filter>Source Files\lzma</Filter>
    </ClCompile>
    <ClCompile Include="..\common\LZMA19.00\LZMA\7zBuf.c">
      <Filter>Source Files\lzma</Filter>
    </ClCompile>
    <ClCompile Include="..\common\LZMA19.00\LZMA\7zBuf2.c">
      <Filter>Source Files\lzma</Filter>
    </ClCompile>
    <ClCompile Include="..\common\LZMA19.00\LZMA\7zCrc.c">
      <Filter>Source Files\lzma</Filter>
    </ClCompile>
    <ClCompile Include="..\common\LZMA19.00\LZMA\7zCrcOpt.c">
      <Filter>Source Files\lzma</Filter>
    </ClCompile>
    <ClCompile Include="..\common\LZMA19.00\LZMA\7zDec.c">
      <Filter>Source Files\lzma</Filter>
    </ClCompile>
    <ClCompile Include="..\common\LZMA19.00\LZMA\7zFile.c">
      <Filter>Source Files\lzma</Filter>
    </ClCompile>
    <ClCompile Include="..\common\LZMA19.00\LZMA\7zStream.c">
      <Filter>Source Files\lzma</Filter>
    </ClCompile>
    <ClCompile Include="..\common\LZMA19.00\LZMA\Aes.c">
      <Filter>Source Files\lzma</Filter>
    </ClCompile>
    <ClCompile Include="..\common\LZMA19.00\LZMA\AesOpt.c">
      <Filter>Source Files\lzma</Filter>
    </ClCompile>
    <ClCompile Include="..\common\LZMA19.00\LZMA\Alloc.c">
      <Filter>Source Files\lzma</Filter>
    </ClCompile>
    <ClCompile Include="..\common\LZMA19.00\LZMA\Bcj2.c">
      <Filter>Source Files\lzma</Filter>
    </ClCompile>
    <ClCompile Include="..\common\LZMA19.00\LZMA\Bcj2Enc.c">
      <Filter>Source Files\lzma</Filter>
    </ClCompile>
    <ClCompile Include="..\common\LZMA19.00\LZMA\Bra.c">
      <Filter>Source Files\lzma</Filter>
    </ClCompile>
    <ClCompile Include="..\common\LZMA19.00\LZMA\Bra86.c">
      <Filter>Source Files\lzma</Filter>
    </ClCompile>
    <ClCompile Include="..\common\LZMA19.00\LZMA\BraIA64.c">
      <Filter>Source Files\lzma</Filter>
    </ClCompile>
    <ClCompile Include="..\common\LZMA19.00\LZMA\CpuArch.c">
      <Filter>Source Files\lzma</Filter>
    </ClCompile>
    <ClCompile Include="..\common\LZMA19.00\LZMA\Delta.c">
      <Filter>Source Files\lzma</Filter>
    </ClCompile>
    <ClCompile Include="..\common\LZMA19.00\LZMA\DllSecur.c">
      <Filter>Source Files\lzma</Filter>
    </ClCompile>
    <ClCompile Include="..\common\LZMA19.00\LZMA\LzFind.c">
      <Filter>Source Files\lzma</Filter>
    </ClCompile>
    <ClCompile Include="..\common\LZMA19.00\LZMA\LzFindMt.c">
      <Filter>Source Files\lzma</Filter>
    </ClCompile>
    <ClCompile Include="..\common\LZMA19.00\LZMA\Lzma2Dec.c">
      <Filter>Source Files\lzma</Filter>
    </ClCompile>
    <ClCompile Include="..\common\LZMA19.00\LZMA\Lzma2DecMt.c">
      <Filter>Source Files\lzma</Filter>
    </ClCompile>
    <ClCompile Include="..\common\LZMA19.00\LZMA\Lzma2Enc.c">
      <Filter>Source Files\lzma</Filter>
    </ClCompile>
    <ClCompile Include="..\common\LZMA19.00\LZMA\Lzma86Dec.c">
      <Filter>Source Files\lzma</Filter>
    </ClCompile>
    <ClCompile Include="..\common\LZMA19.00\LZMA\Lzma86Enc.c">
      <Filter>Source Files\lzma</Filter>
    </ClCompile>
    <ClCompile Include="..\common\LZMA19.00\LZMA\LzmaDec.c">
      <Filter>Source Files\lzma</Filter>
    </ClCompile>
    <ClCompile Include="..\common\LZMA19.00\LZMA\LzmaEnc.c">
      <Filter>Source Files\lzma</Filter>
    </ClCompile>
    <ClCompile Include="..\common\LZMA19.00\LZMA\LzmaLib.c">
      <Filter>Source Files\lzma</Filter>
    </ClCompile>
    <ClCompile Include="..\common\LZMA19.00\LZMA\MtCoder.c">
      <Filter>Source Files\lzma</Filter>
    </ClCompile>
    <ClCompile Include="..\common\LZMA19.00\LZMA\MtDec.c">
      <Filter>Source Files\lzma</Filter>
    </ClCompile>
    <ClCompile Include="..\common\LZMA19.00\LZMA\Ppmd7.c">
      <Filter>Source Files\lzma</Filter>
    </ClCompile>
    <ClCompile Include="..\common\LZMA19.00\LZMA\Ppmd7Dec.c">
      <Filter>Source Files\lzma</Filter>
    </ClCompile>
    <ClCompile Include="..\common\LZMA19.00\LZMA\Ppmd7Enc.c">
      <Filter>Source Files\lzma</Filter>
    </ClCompile>
    <ClCompile Include="..\common\LZMA19.00\LZMA\Sha256xz.c">
      <Filter>Source Files\lzma</Filter>
    </ClCompile>
    <ClCompile Include="..\common\LZMA19.00\LZMA\Sort.c">
      <Filter>Source Files\lzma</Filter>
    </ClCompile>
    <ClCompile Include="..\common\LZMA19.00\LZMA\Threads.c">
      <Filter>Source Files\lzma</Filter>
    </ClCompile>
    <ClCompile Include="..\common\LZMA19.00\LZMA\Xz.c">
      <Filter>Source Files\lzma</Filter>
    </ClCompile>
    <ClCompile Include="..\common\LZMA19.00\LZMA\XzCrc64.c">
      <Filter>Source Files\lzma</Filter>
    </ClCompile>
    <ClCompile Include="..\common\LZMA19.00\LZMA\XzCrc64Opt.c">
      <Filter>Source Files\lzma</Filter>
    </ClCompile>
    <ClCompile Include="..\common\LZMA19.00\LZMA\XzDec.c">
      <Filter>Source Files\lzma</Filter>
    </ClCompile>
    <ClCompile Include="..\common\LZMA19.00\LZMA\XzEnc.c">
      <Filter>Source Files\lzma</Filter>
    </ClCompile>
    <ClCompile Include="..\common\LZMA19.00\LZMA\XzIn.c">
      <Filter>Source Files\lzma</Filter>
    </ClCompile>
    <ClCompile Include="..\common\zopfli\zopfli\blocksplitter.c">
      <Filter>Source Files\zopfli</Filter>
    </ClCompile>
    <ClCompile Include="..\common\zopfli\zopfli\cache.c">
      <Filter>Source Files\zopfli</Filter>
    </ClCompile>
    <ClCompile Include="..\common\zopfli\zopfli\deflate.c">
      <Filter>Source Files\zopfli</Filter>
    </ClCompile>
    <ClCompile Include="..\common\zopfli\zopfli\gzip_container.c">
      <Filter>Source Files\zopfli</Filter>
    </ClCompile>
    <ClCompile Include="..\common\zopfli\zopfli\hash.c">
      <Filter>Source Files\zopfli</Filter>
    </ClCompile>
    <ClCompile Include="..\common\zopfli\zopfli\katajainen.c">
      <Filter>Source Files\zopfli</Filter>
    </ClCompile>
    <ClCompile Include="..\common\zopfli\zopfli\lz77.c">
      <Filter>Source Files\zopfli</Filter>
    </ClCompile>
    <ClCompile Include="..\common\zopfli\zopfli\squeeze.c">
      <Filter>Source Files\zopfli</Filter>
    </ClCompile>
    <ClCompile Include="..\common\zopfli\zopfli\tree.c">
      <Filter>Source Files\zopfli</Filter>
    </ClCompile>
    <ClCompile Include="..\common\zopfli\zopfli\util.c">
      <Filter>Source Files\zopfli</Filter>
    </ClCompile>
    <ClCompile Include="..\common\zopfli\zopfli\zlib_container.c">
      <Filter>Source Files\zopfli</Filter>
    </ClCompile>
    <ClCompile Include="..\common\zopfli\zopfli\zopfli_lib.c">
      <Filter>Source Files\zopfli</Filter>
    </ClCompile>
    <ClCompile Include="..\common\minilzo-2.10\minilzo\minilzo.c">
      <Filter>Source Files\minilzo</Filter>
    </ClCompile>
    <ClCompile Include="..\common\libtomcrypt\src\ciphers\aes\aes.c">
      <Filter>Source Files\ltc</Filter>
    </ClCompile>
    <ClCompile Include="..\common\libtomcrypt\src\modes\cbc\cbc_decrypt.c">
      <Filter>Source Files\ltc</Filter>
    </ClCompile>
    <ClCompile Include="..\common\libtomcrypt\src\modes\cbc\cbc_done.c">
      <Filter>Source Files\ltc</Filter>
    </ClCompile>
    <ClCompile Include="..\common\libtomcrypt\src\modes\cbc\cbc_encrypt.c">
      <Filter>Source Files\ltc</Filter>
    </ClCompile>
    <ClCompile Include="..\common\libtomcrypt\src\modes\cbc\cbc_getiv.c">
      <Filter>Source Files\ltc</Filter>
    </ClCompile>
    <ClCompile Include="..\common\libtomcrypt\src\modes\cbc\cbc_setiv.c">
      <Filter>Source Files\ltc</Filter>
    </ClCompile>
    <ClCompile Include="..\common\libtomcrypt\src\modes\cbc\cbc_start.c">
      <Filter>Source Files\ltc</Filter>
    </ClCompile>
    <ClCompile Include="..\common\libtomcrypt\src\misc\compare_testvector.c">
      <Filter>Source Files\ltc</Filter>
    </ClCompile>
    <ClCompile Include="..\common\libtomcrypt\src\misc\copy_or_zeromem.c">
      <Filter>Source Files\ltc</Filter>
    </ClCompile>
    <ClCompile Include="..\common\libtomcrypt\src\misc\crypt\crypt_argchk.c">
      <Filter>Source Files\ltc</Filter>
    </ClCompile>
    <ClCompile Include="..\common\libtomcrypt\src\misc\crypt\crypt_cipher_descriptor.c">
      <Filter>Source Files\ltc</Filter>
    </ClCompile>
    <ClCompile Include="..\common\libtomcrypt\src\misc\crypt\crypt_cipher_is_valid.c">
      <Filter>Source Files\ltc</Filter>
    </ClCompile>
    <ClCompile Include="..\common\libtomcrypt\src\misc\crypt\crypt_find_cipher.c">
      <Filter>Source Files\ltc</Filter>
    </ClCompile>
    <ClCompile Include="..\common\libtomcrypt\src\misc\crypt\crypt_hash_descriptor.c">
      <Filter>Source Files\ltc</Filter>
    </ClCompile>
    <ClCompile Include="..\common\libtomcrypt\src\misc\crypt\crypt_hash_is_valid.c">
      <Filter>Source Files\ltc</Filter>
    </ClCompile>
    <ClCompile Include="..\common\libtomcrypt\src\misc\crypt\crypt_inits.c">
      <Filter>Source Files\ltc</Filter>
    </ClCompile>
    <ClCompile Include="..\common\libtomcrypt\src\misc\crypt\crypt_ltc_mp_descriptor.c">
      <Filter>Source Files\ltc</Filter>
    </ClCompile>
    <ClCompile Include="..\common\libtomcrypt\src\misc\crypt\crypt_prng_descriptor.c">
      <Filter>Source Files\ltc</Filter>
    </ClCompile>
    <ClCompile Include="..\common\libtomcrypt\src\misc\crypt\crypt_prng_is_valid.c">
      <Filter>Source Files\ltc</Filter>
    </ClCompile>
    <ClCompile Include="..\common\libtomcrypt\src\misc\crypt\crypt_register_cipher.c">
      <Filter>Source Files\ltc</Filter>
    </ClCompile>
    <ClCompile Include="..\common\libtomcrypt\src\misc\crypt\crypt_register_hash.c">
      <Filter>Source Files\ltc</Filter>
    </ClCompile>
    <ClCompile Include="..\common\libtomcrypt\src\misc\crypt\crypt_register_prng.c">
      <Filter>Source Files\ltc</Filter>
    </ClCompile>
    <ClCompile Include="..\common\libtomcrypt\src\pk\asn1\der\general\der_asn1_maps.c">
      <Filter>Source Files\ltc</Filter>
    </ClCompile>
    <ClCompile Include="..\common\libtomcrypt\src\pk\asn1\der\general\der_decode_asn1_identifier.c">
      <Filter>Source Files\ltc</Filter>
    </ClCompile>
    <ClCompile Include="..\common\libtomcrypt\src\pk\asn1\der\general\der_decode_asn1_length.c">
      <Filter>Source Files\ltc</Filter>
    </ClCompile>
    <ClCompile Include="..\common\libtomcrypt\src\pk\asn1\der\bit\der_decode_bit_string.c">
      <Filter>Source Files\ltc</Filter>
    </ClCompile>
    <ClCompile Include="..\common\libtomcrypt\src\pk\asn1\der\boolean\der_decode_boolean.c">
      <Filter>Source Files\ltc</Filter>
    </ClCompile>
    <ClCompile Include="..\common\libtomcrypt\src\pk\asn1\der\choice\der_decode_choice.c">
      <Filter>Source Files\ltc</Filter>
    </ClCompile>
    <ClCompile Include="..\common\libtomcrypt\src\pk\asn1\der\custom_type\der_decode_custom_type.c">
      <Filter>Source Files\ltc</Filter>
    </ClCompile>
    <ClCompile Include="..\common\libtomcrypt\src\pk\asn1\der\generalizedtime\der_decode_generalizedtime.c">
      <Filter>Source Files\ltc</Filter>
    </ClCompile>
    <ClCompile Include="..\common\libtomcrypt\src\pk\asn1\der\ia5\der_decode_ia5_string.c">
      <Filter>Source Files\ltc</Filter>
    </ClCompile>
    <ClCompile Include="..\common\libtomcrypt\src\pk\asn1\der\integer\der_decode_integer.c">
      <Filter>Source Files\ltc</Filter>
    </ClCompile>
    <ClCompile Include="..\common\libtomcrypt\src\pk\asn1\der\object_identifier\der_decode_object_identifier.c">
      <Filter>Source Files\ltc</Filter>
    </ClCompile>
    <ClCompile Include="..\common\libtomcrypt\src\pk\asn1\der\octet\der_decode_octet_string.c">
      <Filter>Source Files\ltc</Filter>
    </ClCompile>
    <ClCompile Include="..\common\libtomcrypt\src\pk\asn1\der\printable_string\der_decode_printable_string.c">
      <Filter>Source Files\ltc</Filter>
    </ClCompile>
    <ClCompile Include="..\common\libtomcrypt\src\pk\asn1\der\bit\der_decode_raw_bit_string.c">
      <Filter>Source Files\ltc</Filter>
    </ClCompile>
    <ClCompile Include="..\common\libtomcrypt\src\pk\asn1\der\sequence\der_decode_sequence_ex.c">
      <Filter>Source Files\ltc</Filter>
    </ClCompile>
    <ClCompile Include="..\common\libtomcrypt\src\pk\asn1\der\sequence\der_decode_sequence_flexi.c">
      <Filter>Source Files\ltc</Filter>
    </ClCompile>
    <ClCompile Include="..\common\libtomcrypt\src\pk\asn1\der\sequence\der_decode_sequence_multi.c">
      <Filter>Source Files\ltc</Filter>
    </ClCompile>
    <ClCompile Include="..\common\libtomcrypt\src\pk\asn1\der\short_integer\der_decode_short_integer.c">
      <Filter>Source Files\ltc</Filter>
    </ClCompile>
    <ClCompile Include="..\common\libtomcrypt\src\pk\asn1\der\teletex_string\der_decode_teletex_string.c">
      <Filter>Source Files\ltc</Filter>
    </ClCompile>
    <ClCompile Include="..\common\libtomcrypt\src\pk\asn1\der\utctime\der_decode_utctime.c">
      <Filter>Source Files\ltc</Filter>
    </ClCompile>
    <ClCompile Include="..\common\libtomcrypt\src\pk\asn1\der\utf8\der_decode_utf8_string.c">
      <Filter>Source Files\ltc</Filter>
    </ClCompile>
    <ClCompile Include="..\common\libtomcrypt\src\pk\asn1\der\general\der_encode_asn1_identifier.c">
      <Filter>Source Files\ltc</Filter>
    </ClCompile>
    <ClCompile Include="..\common\libtomcrypt\src\pk\asn1\der\general\der_encode_asn1_length.c">
      <Filter>Source Files\ltc</Filter>
    </ClCompile>
    <ClCompile Include="..\common\libtomcrypt\src\pk\asn1\der\bit\der_encode_bit_string.c">
      <Filter>Source Files\ltc</Filter>
    </ClCompile>
    <ClCompile Include="..\common\libtomcrypt\src\pk\asn1\der\boolean\der_encode_boolean.c">
      <Filter>Source Files\ltc</Filter>
    </ClCompile>
    <ClCompile Include="..\common\libtomcrypt\src\pk\asn1\der\custom_type\der_encode_custom_type.c">
      <Filter>Source Files\ltc</Filter>
    </ClCompile>
    <ClCompile Include="..\common\libtomcrypt\src\pk\asn1\der\generalizedtime\der_encode_generalizedtime.c">
      <Filter>Source Files\ltc</Filter>
    </ClCompile>
    <ClCompile Include="..\common\libtomcrypt\src\pk\asn1\der\ia5\der_encode_ia5_string.c">
      <Filter>Source Files\ltc</Filter>
    </ClCompile>
    <ClCompile Include="..\common\libtomcrypt\src\pk\asn1\der\integer\der_encode_integer.c">
      <Filter>Source Files\ltc</Filter>
    </ClCompile>
    <ClCompile Include="..\common\libtomcrypt\src\pk\asn1\der\object_identifier\der_encode_object_identifier.c">
      <Filter>Source Files\ltc</Filter>
    </ClCompile>
    <ClCompile Include="..\common\libtomcrypt\src\pk\asn1\der\octet\der_encode_octet_string.c">
      <Filter>Source Files\ltc</Filter>
    </ClCompile>
    <ClCompile Include="..\common\libtomcrypt\src\pk\asn1\der\printable_string\der_encode_printable_string.c">
      <Filter>Source Files\ltc</Filter>
    </ClCompile>
    <ClCompile Include="..\common\libtomcrypt\src\pk\asn1\der\bit\der_encode_raw_bit_string.c">
      <Filter>Source Files\ltc</Filter>
    </ClCompile>
    <ClCompile Include="..\common\libtomcrypt\src\pk\asn1\der\sequence\der_encode_sequence_ex.c">
      <Filter>Source Files\ltc</Filter>
    </ClCompile>
    <ClCompile Include="..\common\libtomcrypt\src\pk\asn1\der\sequence\der_encode_sequence_multi.c">
      <Filter>Source Files\ltc</Filter>
    </ClCompile>
    <ClCompile Include="..\common\libtomcrypt\src\pk\asn1\der\set\der_encode_set.c">
      <Filter>Source Files\ltc</Filter>
    </ClCompile>
    <ClCompile Include="..\common\libtomcrypt\src\pk\asn1\der\set\der_encode_setof.c">
      <Filter>Source Files\ltc</Filter>
    </ClCompile>
    <ClCompile Include="..\common\libtomcrypt\src\pk\asn1\der\short_integer\der_encode_short_integer.c">
      <Filter>Source Files\ltc</Filter>
    </ClCompile>
    <ClCompile Include="..\common\libtomcrypt\src\pk\asn1\der\utctime\der_encode_utctime.c">
      <Filter>Source Files\ltc</Filter>
    </ClCompile>
    <ClCompile Include="..\common\libtomcrypt\src\pk\asn1\der\utf8\der_encode_utf8_string.c">
      <Filter>Source Files\ltc</Filter>
    </ClCompile>
    <ClCompile Include="..\common\libtomcrypt\src\pk\asn1\der\general\der_length_asn1_identifier.c">
      <Filter>Source Files\ltc</Filter>
    </ClCompile>
    <ClCompile Include="..\common\libtomcrypt\src\pk\asn1\der\general\der_length_asn1_length.c">
      <Filter>Source Files\ltc</Filter>
    </ClCompile>
    <ClCompile Include="..\common\libtomcrypt\src\pk\asn1\der\bit\der_length_bit_string.c">
      <Filter>Source Files\ltc</Filter>
    </ClCompile>
    <ClCompile Include="..\common\libtomcrypt\src\pk\asn1\der\boolean\der_length_boolean.c">
      <Filter>Source Files\ltc</Filter>
    </ClCompile>
    <ClCompile Include="..\common\libtomcrypt\src\pk\asn1\der\custom_type\der_length_custom_type.c">
      <Filter>Source Files\ltc</Filter>
    </ClCompile>
    <ClCompile Include="..\common\libtomcrypt\src\pk\asn1\der\generalizedtime\der_length_generalizedtime.c">
      <Filter>Source Files\ltc</Filter>
    </ClCompile>
    <ClCompile Include="..\common\libtomcrypt\src\pk\asn1\der\ia5\der_length_ia5_string.c">
      <Filter>Source Files\ltc</Filter>
    </ClCompile>
    <ClCompile Include="..\common\libtomcrypt\src\pk\asn1\der\integer\der_length_integer.c">
      <Filter>Source Files\ltc</Filter>
    </ClCompile>
    <ClCompile Include="..\common\libtomcrypt\src\pk\asn1\der\object_identifier\der_length_object_identifier.c">
      <Filter>Source Files\ltc</Filter>
    </ClCompile>
    <ClCompile Include="..\common\libtomcrypt\src\pk\asn1\der\octet\der_length_octet_string.c">
      <Filter>Source Files\ltc</Filter>
    </ClCompile>
    <ClCompile Include="..\common\libtomcrypt\src\pk\asn1\der\printable_string\der_length_printable_string.c">
      <Filter>Source Files\ltc</Filter>
    </ClCompile>
    <ClCompile Include="..\common\libtomcrypt\src\pk\asn1\der\sequence\der_length_sequence.c">
      <Filter>Source Files\ltc</Filter>
    </ClCompile>
    <ClCompile Include="..\common\libtomcrypt\src\pk\asn1\der\short_integer\der_length_short_integer.c">
      <Filter>Source Files\ltc</Filter>
    </ClCompile>
    <ClCompile Include="..\common\libtomcrypt\src\pk\asn1\der\teletex_string\der_length_teletex_string.c">
      <Filter>Source Files\ltc</Filter>
    </ClCompile>
    <ClCompile Include="..\common\libtomcrypt\src\pk\asn1\der\utctime\der_length_utctime.c">
      <Filter>Source Files\ltc</Filter>
    </ClCompile>
    <ClCompile Include="..\common\libtomcrypt\src\pk\asn1\der\utf8\der_length_utf8_string.c">
      <Filter>Source Files\ltc</Filter>
    </ClCompile>
    <ClCompile Include="..\common\libtomcrypt\src\pk\asn1\der\sequence\der_sequence_free.c">
      <Filter>Source Files\ltc</Filter>
    </ClCompile>
    <ClCompile Include="..\common\libtomcrypt\src\pk\asn1\der\sequence\der_sequence_shrink.c">
      <Filter>Source Files\ltc</Filter>
    </ClCompile>
    <ClCompile Include="..\common\libtomcrypt\src\encauth\gcm\gcm_add_aad.c">
      <Filter>Source Files\ltc</Filter>
    </ClCompile>
    <ClCompile Include="..\common\libtomcrypt\src\encauth\gcm\gcm_add_iv.c">
      <Filter>Source Files\ltc</Filter>
    </ClCompile>
    <ClCompile Include="..\common\libtomcrypt\src\encauth\gcm\gcm_done.c">
      <Filter>Source Files\ltc</Filter>
    </ClCompile>
    <ClCompile Include="..\common\libtomcrypt\src\encauth\gcm\gcm_gf_mult.c">
      <Filter>Source Files\ltc</Filter>
    </ClCompile>
    <ClCompile Include="..\common\libtomcrypt\src\encauth\gcm\gcm_init.c">
      <Filter>Source Files\ltc</Filter>
    </ClCompile>
    <ClCompile Include="..\common\libtomcrypt\src\encauth\gcm\gcm_memory.c">
      <Filter>Source Files\ltc</Filter>
    </ClCompile>
    <ClCompile Include="..\common\libtomcrypt\src\encauth\gcm\gcm_mult_h.c">
      <Filter>Source Files\ltc</Filter>
    </ClCompile>
    <ClCompile Include="..\common\libtomcrypt\src\encauth\gcm\gcm_process.c">
      <Filter>Source Files\ltc</Filter>
    </ClCompile>
    <ClCompile Include="..\common\libtomcrypt\src\hashes\helper\hash_memory.c">
      <Filter>Source Files\ltc</Filter>
    </ClCompile>
    <ClCompile Include="..\common\libtomcrypt\src\hashes\helper\hash_memory_multi.c">
      <Filter>Source Files\ltc</Filter>
    </ClCompile>
    <ClCompile Include="..\common\libtomcrypt\src\pk\ecc\ltc_ecc_is_point_at_infinity.c">
      <Filter>Source Files\ltc</Filter>
    </ClCompile>
    <ClCompile Include="..\common\libtomcrypt\src\pk\ecc\ltc_ecc_map.c">
      <Filter>Source Files\ltc</Filter>
    </ClCompile>
    <ClCompile Include="..\common\libtomcrypt\src\pk\ecc\ltc_ecc_mul2add.c">
      <Filter>Source Files\ltc</Filter>
    </ClCompile>
    <ClCompile Include="..\common\libtomcrypt\src\pk\ecc\ltc_ecc_mulmod.c">
      <Filter>Source Files\ltc</Filter>
    </ClCompile>
    <ClCompile Include="..\common\libtomcrypt\src\pk\ecc\ltc_ecc_mulmod_timing.c">
      <Filter>Source Files\ltc</Filter>
    </ClCompile>
    <ClCompile Include="..\common\libtomcrypt\src\pk\ecc\ltc_ecc_points.c">
      <Filter>Source Files\ltc</Filter>
    </ClCompile>
    <ClCompile Include="..\common\libtomcrypt\src\pk\ecc\ltc_ecc_projective_add_point.c">
      <Filter>Source Files\ltc</Filter>
    </ClCompile>
    <ClCompile Include="..\common\libtomcrypt\src\pk\ecc\ltc_ecc_projective_dbl_point.c">
      <Filter>Source Files\ltc</Filter>
    </ClCompile>
    <ClCompile Include="..\common\libtomcrypt\src\math\ltm_desc.c">
      <Filter>Source Files\ltc</Filter>
    </ClCompile>
    <ClCompile Include="..\common\libtomcrypt\src\misc\mem_neq.c">
      <Filter>Source Files\ltc</Filter>
    </ClCompile>
    <ClCompile Include="..\common\libtommath\mp_2expt.c">
      <Filter>Source Files\ltc</Filter>
    </ClCompile>
    <ClCompile Include="..\common\libtommath\mp_abs.c">
      <Filter>Source Files\ltc</Filter>
    </ClCompile>
    <ClCompile Include="..\common\libtommath\mp_add.c">
      <Filter>Source Files\ltc</Filter>
    </ClCompile>
    <ClCompile Include="..\common\libtommath\mp_add_d.c">
      <Filter>Source Files\ltc</Filter>
    </ClCompile>
    <ClCompile Include="..\common\libtommath\mp_addmod.c">
      <Filter>Source Files\ltc</Filter>
    </ClCompile>
    <ClCompile Include="..\common\libtommath\mp_and.c">
      <Filter>Source Files\ltc</Filter>
    </ClCompile>
    <ClCompile Include="..\common\libtommath\mp_clamp.c">
      <Filter>Source Files\ltc</Filter>
    </ClCompile>
    <ClCompile Include="..\common\libtommath\mp_clear.c">
      <Filter>Source Files\ltc</Filter>
    </ClCompile>
    <ClCompile Include="..\common\libtommath\mp_clear_multi.c">
      <Filter>Source Files\ltc</Filter>
    </ClCompile>
    <ClCompile Include="..\common\libtommath\mp_cmp.c">
      <Filter>Source Files\ltc</Filter>
    </ClCompile>
    <ClCompile Include="..\common\libtommath\mp_cmp_d.c">
      <Filter>Source Files\ltc</Filter>
    </ClCompile>
    <ClCompile Include="..\common\libtommath\mp_cmp_mag.c">
      <Filter>Source Files\ltc</Filter>
    </ClCompile>
    <ClCompile Include="..\common\libtommath\mp_cnt_lsb.c">
      <Filter>Source Files\ltc</Filter>
    </ClCompile>
    <ClCompile Include="..\common\libtommath\mp_complement.c">
      <Filter>Source Files\ltc</Filter>
    </ClCompile>
    <ClCompile Include="..\common\libtommath\mp_copy.c">
      <Filter>Source Files\ltc</Filter>
    </ClCompile>
    <ClCompile Include="..\common\libtommath\mp_count_bits.c">
      <Filter>Source Files\ltc</Filter>
    </ClCompile>
    <ClCompile Include="..\common\libtommath\mp_cutoffs.c">
      <Filter>Source Files\ltc</Filter>
    </ClCompile>
    <ClCompile Include="..\common\libtommath\mp_div.c">
      <Filter>Source Files\ltc</Filter>
    </ClCompile>
    <ClCompile Include="..\common\libtommath\mp_div_2.c">
      <Filter>Source Files\ltc</Filter>
    </ClCompile>
    <ClCompile Include="..\common\libtommath\mp_div_2d.c">
      <Filter>Source Files\ltc</Filter>
    </ClCompile>
    <ClCompile Include="..\common\libtommath\mp_div_d.c">
      <Filter>Source Files\ltc</Filter>
    </ClCompile>
    <ClCompile Include="..\common\libtommath\mp_dr_is_modulus.c">
      <Filter>Source Files\ltc</Filter>
    </ClCompile>
    <ClCompile Include="..\common\libtommath\mp_dr_reduce.c">
      <Filter>Source Files\ltc</Filter>
    </ClCompile>
    <ClCompile Include="..\common\libtommath\mp_dr_setup.c">
      <Filter>Source Files\ltc</Filter>
    </ClCompile>
    <ClCompile Include="..\common\libtommath\mp_error_to_string.c">
      <Filter>Source Files\ltc</Filter>
    </ClCompile>
    <ClCompile Include="..\common\libtommath\mp_exch.c">
      <Filter>Source Files\ltc</Filter>
    </ClCompile>
    <ClCompile Include="..\common\libtommath\mp_expt_n.c">
      <Filter>Source Files\ltc</Filter>
    </ClCompile>
    <ClCompile Include="..\common\libtommath\mp_exptmod.c">
      <Filter>Source Files\ltc</Filter>
    </ClCompile>
    <ClCompile Include="..\common\libtommath\mp_exteuclid.c">
      <Filter>Source Files\ltc</Filter>
    </ClCompile>
    <ClCompile Include="..\common\libtommath\mp_fread.c">
      <Filter>Source Files\ltc</Filter>
    </ClCompile>
    <ClCompile Include="..\common\libtommath\mp_from_sbin.c">
      <Filter>Source Files\ltc</Filter>
    </ClCompile>
    <ClCompile Include="..\common\libtommath\mp_from_ubin.c">
      <Filter>Source Files\ltc</Filter>
    </ClCompile>
    <ClCompile Include="..\common\libtommath\mp_fwrite.c">
      <Filter>Source Files\ltc</Filter>
    </ClCompile>
    <ClCompile Include="..\common\libtommath\mp_gcd.c">
      <Filter>Source Files\ltc</Filter>
    </ClCompile>
    <ClCompile Include="..\common\libtommath\mp_get_double.c">
      <Filter>Source Files\ltc</Filter>
    </ClCompile>
    <ClCompile Include="..\common\libtommath\mp_get_i32.c">
      <Filter>Source Files\ltc</Filter>
    </ClCompile>
    <ClCompile Include="..\common\libtommath\mp_get_i64.c">
      <Filter>Source Files\ltc</Filter>
    </ClCompile>
    <ClCompile Include="..\common\libtommath\mp_get_l.c">
      <Filter>Source Files\ltc</Filter>
    </ClCompile>
    <ClCompile Include="..\common\libtommath\mp_get_mag_u32.c">
      <Filter>Source Files\ltc</Filter>
    </ClCompile>
    <ClCompile Include="..\common\libtommath\mp_get_mag_u64.c">
      <Filter>Source Files\ltc</Filter>
    </ClCompile>
    <ClCompile Include="..\common\libtommath\mp_get_mag_ul.c">
      <Filter>Source Files\ltc</Filter>
    </ClCompile>
    <ClCompile Include="..\common\libtommath\mp_grow.c">
      <Filter>Source Files\ltc</Filter>
    </ClCompile>
    <ClCompile Include="..\common\libtommath\mp_hash.c">
      <Filter>Source Files\ltc</Filter>
    </ClCompile>
    <ClCompile Include="..\common\libtommath\mp_init.c">
      <Filter>Source Files\ltc</Filter>
    </ClCompile>
    <ClCompile Include="..\common\libtommath\mp_init_copy.c">
      <Filter>Source Files\ltc</Filter>
    </ClCompile>
    <ClCompile Include="..\common\libtommath\mp_init_i32.c">
      <Filter>Source Files\ltc</Filter>
    </ClCompile>
    <ClCompile Include="..\common\libtommath\mp_init_i64.c">
      <Filter>Source Files\ltc</Filter>
    </ClCompile>
    <ClCompile Include="..\common\libtommath\mp_init_l.c">
      <Filter>Source Files\ltc</Filter>
    </ClCompile>
    <ClCompile Include="..\common\libtommath\mp_init_multi.c">
      <Filter>Source Files\ltc</Filter>
    </ClCompile>
    <ClCompile Include="..\common\libtommath\mp_init_set.c">
      <Filter>Source Files\ltc</Filter>
    </ClCompile>
    <ClCompile Include="..\common\libtommath\mp_init_size.c">
      <Filter>Source Files\ltc</Filter>
    </ClCompile>
    <ClCompile Include="..\common\libtommath\mp_init_u32.c">
      <Filter>Source Files\ltc</Filter>
    </ClCompile>
    <ClCompile Include="..\common\libtommath\mp_init_u64.c">
      <Filter>Source Files\ltc</Filter>
    </ClCompile>
    <ClCompile Include="..\common\libtommath\mp_init_ul.c">
      <Filter>Source Files\ltc</Filter>
    </ClCompile>
    <ClCompile Include="..\common\libtommath\mp_invmod.c">
      <Filter>Source Files\ltc</Filter>
    </ClCompile>
    <ClCompile Include="..\common\libtommath\mp_is_square.c">
      <Filter>Source Files\ltc</Filter>
    </ClCompile>
    <ClCompile Include="..\common\libtommath\mp_kronecker.c">
      <Filter>Source Files\ltc</Filter>
    </ClCompile>
    <ClCompile Include="..\common\libtommath\mp_lcm.c">
      <Filter>Source Files\ltc</Filter>
    </ClCompile>
    <ClCompile Include="..\common\libtommath\mp_log_n.c">
      <Filter>Source Files\ltc</Filter>
    </ClCompile>
    <ClCompile Include="..\common\libtommath\mp_lshd.c">
      <Filter>Source Files\ltc</Filter>
    </ClCompile>
    <ClCompile Include="..\common\libtommath\mp_mod.c">
      <Filter>Source Files\ltc</Filter>
    </ClCompile>
    <ClCompile Include="..\common\libtommath\mp_mod_2d.c">
      <Filter>Source Files\ltc</Filter>
    </ClCompile>
    <ClCompile Include="..\common\libtommath\mp_montgomery_calc_normalization.c">
      <Filter>Source Files\ltc</Filter>
    </ClCompile>
    <ClCompile Include="..\common\libtommath\mp_montgomery_reduce.c">
      <Filter>Source Files\ltc</Filter>
    </ClCompile>
    <ClCompile Include="..\common\libtommath\mp_montgomery_setup.c">
      <Filter>Source Files\ltc</Filter>
    </ClCompile>
    <ClCompile Include="..\common\libtommath\mp_mul.c">
      <Filter>Source Files\ltc</Filter>
    </ClCompile>
    <ClCompile Include="..\common\libtommath\mp_mul_2.c">
      <Filter>Source Files\ltc</Filter>
    </ClCompile>
    <ClCompile Include="..\common\libtommath\mp_mul_2d.c">
      <Filter>Source Files\ltc</Filter>
    </ClCompile>
    <ClCompile Include="..\common\libtommath\mp_mul_d.c">
      <Filter>Source Files\ltc</Filter>
    </ClCompile>
    <ClCompile Include="..\common\libtommath\mp_mulmod.c">
      <Filter>Source Files\ltc</Filter>
    </ClCompile>
    <ClCompile Include="..\common\libtommath\mp_neg.c">
      <Filter>Source Files\ltc</Filter>
    </ClCompile>
    <ClCompile Include="..\common\libtommath\mp_or.c">
      <Filter>Source Files\ltc</Filter>
    </ClCompile>
    <ClCompile Include="..\common\libtommath\mp_pack.c">
      <Filter>Source Files\ltc</Filter>
    </ClCompile>
    <ClCompile Include="..\common\libtommath\mp_pack_count.c">
      <Filter>Source Files\ltc</Filter>
    </ClCompile>
    <ClCompile Include="..\common\libtommath\mp_prime_fermat.c">
      <Filter>Source Files\ltc</Filter>
    </ClCompile>
    <ClCompile Include="..\common\libtommath\mp_prime_frobenius_underwood.c">
      <Filter>Source Files\ltc</Filter>
    </ClCompile>
    <ClCompile Include="..\common\libtommath\mp_prime_is_prime.c">
      <Filter>Source Files\ltc</Filter>
    </ClCompile>
    <ClCompile Include="..\common\libtommath\mp_prime_miller_rabin.c">
      <Filter>Source Files\ltc</Filter>
    </ClCompile>
    <ClCompile Include="..\common\libtommath\mp_prime_next_prime.c">
      <Filter>Source Files\ltc</Filter>
    </ClCompile>
    <ClCompile Include="..\common\libtommath\mp_prime_rabin_miller_trials.c">
      <Filter>Source Files\ltc</Filter>
    </ClCompile>
    <ClCompile Include="..\common\libtommath\mp_prime_rand.c">
      <Filter>Source Files\ltc</Filter>
    </ClCompile>
    <ClCompile Include="..\common\libtommath\mp_prime_strong_lucas_selfridge.c">
      <Filter>Source Files\ltc</Filter>
    </ClCompile>
    <ClCompile Include="..\common\libtommath\mp_radix_size.c">
      <Filter>Source Files\ltc</Filter>
    </ClCompile>
    <ClCompile Include="..\common\libtommath\mp_radix_size_overestimate.c">
      <Filter>Source Files\ltc</Filter>
    </ClCompile>
    <ClCompile Include="..\common\libtommath\mp_rand.c">
      <Filter>Source Files\ltc</Filter>
    </ClCompile>
    <ClCompile Include="..\common\libtommath\mp_rand_source.c">
      <Filter>Source Files\ltc</Filter>
    </ClCompile>
    <ClCompile Include="..\common\libtommath\mp_read_radix.c">
      <Filter>Source Files\ltc</Filter>
    </ClCompile>
    <ClCompile Include="..\common\libtommath\mp_reduce.c">
      <Filter>Source Files\ltc</Filter>
    </ClCompile>
    <ClCompile Include="..\common\libtommath\mp_reduce_2k.c">
      <Filter>Source Files\ltc</Filter>
    </ClCompile>
    <ClCompile Include="..\common\libtommath\mp_reduce_2k_l.c">
      <Filter>Source Files\ltc</Filter>
    </ClCompile>
    <ClCompile Include="..\common\libtommath\mp_reduce_2k_setup.c">
      <Filter>Source Files\ltc</Filter>
    </ClCompile>
    <ClCompile Include="..\common\libtommath\mp_reduce_2k_setup_l.c">
      <Filter>Source Files\ltc</Filter>
    </ClCompile>
    <ClCompile Include="..\common\libtommath\mp_reduce_is_2k.c">
      <Filter>Source Files\ltc</Filter>
    </ClCompile>
    <ClCompile Include="..\common\libtommath\mp_reduce_is_2k_l.c">
      <Filter>Source Files\ltc</Filter>
    </ClCompile>
    <ClCompile Include="..\common\libtommath\mp_reduce_setup.c">
      <Filter>Source Files\ltc</Filter>
    </ClCompile>
    <ClCompile Include="..\common\libtommath\mp_root_n.c">
      <Filter>Source Files\ltc</Filter>
    </ClCompile>
    <ClCompile Include="..\common\libtommath\mp_rshd.c">
      <Filter>Source Files\ltc</Filter>
    </ClCompile>
    <ClCompile Include="..\common\libtommath\mp_sbin_size.c">
      <Filter>Source Files\ltc</Filter>
    </ClCompile>
    <ClCompile Include="..\common\libtommath\mp_set.c">
      <Filter>Source Files\ltc</Filter>
    </ClCompile>
    <ClCompile Include="..\common\libtommath\mp_set_double.c">
      <Filter>Source Files\ltc</Filter>
    </ClCompile>
    <ClCompile Include="..\common\libtommath\mp_set_i32.c">
      <Filter>Source Files\ltc</Filter>
    </ClCompile>
    <ClCompile Include="..\common\libtommath\mp_set_i64.c">
      <Filter>Source Files\ltc</Filter>
    </ClCompile>
    <ClCompile Include="..\common\libtommath\mp_set_l.c">
      <Filter>Source Files\ltc</Filter>
    </ClCompile>
    <ClCompile Include="..\common\libtommath\mp_set_u32.c">
      <Filter>Source Files\ltc</Filter>
    </ClCompile>
    <ClCompile Include="..\common\libtommath\mp_set_u64.c">
      <Filter>Source Files\ltc</Filter>
    </ClCompile>
    <ClCompile Include="..\common\libtommath\mp_set_ul.c">
      <Filter>Source Files\ltc</Filter>
    </ClCompile>
    <ClCompile Include="..\common\libtommath\mp_shrink.c">
      <Filter>Source Files\ltc</Filter>
    </ClCompile>
    <ClCompile Include="..\common\libtommath\mp_signed_rsh.c">
      <Filter>Source Files\ltc</Filter>
    </ClCompile>
    <ClCompile Include="..\common\libtommath\mp_sqrmod.c">
      <Filter>Source Files\ltc</Filter>
    </ClCompile>
    <ClCompile Include="..\common\libtommath\mp_sqrt.c">
      <Filter>Source Files\ltc</Filter>
    </ClCompile>
    <ClCompile Include="..\common\libtommath\mp_sqrtmod_prime.c">
      <Filter>Source Files\ltc</Filter>
    </ClCompile>
    <ClCompile Include="..\common\libtommath\mp_sub.c">
      <Filter>Source Files\ltc</Filter>
    </ClCompile>
    <ClCompile Include="..\common\libtommath\mp_sub_d.c">
      <Filter>Source Files\ltc</Filter>
    </ClCompile>
    <ClCompile Include="..\common\libtommath\mp_submod.c">
      <Filter>Source Files\ltc</Filter>
    </ClCompile>
    <ClCompile Include="..\common\libtommath\mp_to_radix.c">
      <Filter>Source Files\ltc</Filter>
    </ClCompile>
    <ClCompile Include="..\common\libtommath\mp_to_sbin.c">
      <Filter>Source Files\ltc</Filter>
    </ClCompile>
    <ClCompile Include="..\common\libtommath\mp_to_ubin.c">
      <Filter>Source Files\ltc</Filter>
    </ClCompile>
    <ClCompile Include="..\common\libtommath\mp_ubin_size.c">
      <Filter>Source Files\ltc</Filter>
    </ClCompile>
    <ClCompile Include="..\common\libtommath\mp_unpack.c">
      <Filter>Source Files\ltc</Filter>
    </ClCompile>
    <ClCompile Include="..\common\libtommath\mp_xor.c">
      <Filter>Source Files\ltc</Filter>
    </ClCompile>
    <ClCompile Include="..\common\libtommath\mp_zero.c">
      <Filter>Source Files\ltc</Filter>
    </ClCompile>
    <ClCompile Include="..\common\libtomcrypt\src\math\multi.c">
      <Filter>Source Files\ltc</Filter>
    </ClCompile>
    <ClCompile Include="..\common\libtomcrypt\src\pk\asn1\oid\pk_get_oid.c">
      <Filter>Source Files\ltc</Filter>
    </ClCompile>
    <ClCompile Include="..\common\libtomcrypt\src\pk\asn1\oid\pk_oid_cmp.c">
      <Filter>Source Files\ltc</Filter>
    </ClCompile>
    <ClCompile Include="..\common\libtomcrypt\src\pk\asn1\oid\pk_oid_str.c">
      <Filter>Source Files\ltc</Filter>
    </ClCompile>
    <ClCompile Include="..\common\libtomcrypt\src\pk\pkcs1\pkcs_1_mgf1.c">
      <Filter>Source Files\ltc</Filter>
    </ClCompile>
    <ClCompile Include="..\common\libtomcrypt\src\pk\pkcs1\pkcs_1_oaep_decode.c">
      <Filter>Source Files\ltc</Filter>
    </ClCompile>
    <ClCompile Include="..\common\libtomcrypt\src\pk\pkcs1\pkcs_1_oaep_encode.c">
      <Filter>Source Files\ltc</Filter>
    </ClCompile>
    <ClCompile Include="..\common\libtomcrypt\src\pk\pkcs1\pkcs_1_pss_decode.c">
      <Filter>Source Files\ltc</Filter>
    </ClCompile>
    <ClCompile Include="..\common\libtomcrypt\src\pk\pkcs1\pkcs_1_pss_encode.c">
      <Filter>Source Files\ltc</Filter>
    </ClCompile>
    <ClCompile Include="..\common\libtomcrypt\src\pk\pkcs1\pkcs_1_v1_5_decode.c">
      <Filter>Source Files\ltc</Filter>
    </ClCompile>
    <ClCompile Include="..\common\libtomcrypt\src\pk\pkcs1\pkcs_1_v1_5_encode.c">
      <Filter>Source Files\ltc</Filter>
    </ClCompile>
    <ClCompile Include="..\common\libtomcrypt\src\math\rand_prime.c">
      <Filter>Source Files\ltc</Filter>
    </ClCompile>
    <ClCompile Include="..\common\libtomcrypt\src\prngs\rng_get_bytes.c">
      <Filter>Source Files\ltc</Filter>
    </ClCompile>
    <ClCompile Include="..\common\libtomcrypt\src\pk\rsa\rsa_decrypt_key.c">
      <Filter>Source Files\ltc</Filter>
    </ClCompile>
    <ClCompile Include="..\common\libtomcrypt\src\pk\rsa\rsa_encrypt_key.c">
      <Filter>Source Files\ltc</Filter>
    </ClCompile>
    <ClCompile Include="..\common\libtomcrypt\src\pk\rsa\rsa_export.c">
      <Filter>Source Files\ltc</Filter>
    </ClCompile>
    <ClCompile Include="..\common\libtomcrypt\src\pk\rsa\rsa_exptmod.c">
      <Filter>Source Files\ltc</Filter>
    </ClCompile>
    <ClCompile Include="..\common\libtomcrypt\src\pk\rsa\rsa_import.c">
      <Filter>Source Files\ltc</Filter>
    </ClCompile>
    <ClCompile Include="..\common\libtomcrypt\src\pk\rsa\rsa_key.c">
      <Filter>Source Files\ltc</Filter>
    </ClCompile>
    <ClCompile Include="..\common\libtomcrypt\src\pk\rsa\rsa_make_key.c">
      <Filter>Source Files\ltc</Filter>
    </ClCompile>
    <ClCompile Include="..\common\libtomcrypt\src\pk\rsa\rsa_sign_hash.c">
      <Filter>Source Files\ltc</Filter>
    </ClCompile>
    <ClCompile Include="..\common\libtomcrypt\src\pk\rsa\rsa_verify_hash.c">
      <Filter>Source Files\ltc</Filter>
    </ClCompile>
    <ClCompile Include="..\common\libtommath\s_mp_add.c">
      <Filter>Source Files\ltc</Filter>
    </ClCompile>
    <ClCompile Include="..\common\libtommath\s_mp_copy_digs.c">
      <Filter>Source Files\ltc</Filter>
    </ClCompile>
    <ClCompile Include="..\common\libtommath\s_mp_div_3.c">
      <Filter>Source Files\ltc</Filter>
    </ClCompile>
    <ClCompile Include="..\common\libtommath\s_mp_div_recursive.c">
      <Filter>Source Files\ltc</Filter>
    </ClCompile>
    <ClCompile Include="..\common\libtommath\s_mp_div_school.c">
      <Filter>Source Files\ltc</Filter>
    </ClCompile>
    <ClCompile Include="..\common\libtommath\s_mp_div_small.c">
      <Filter>Source Files\ltc</Filter>
    </ClCompile>
    <ClCompile Include="..\common\libtommath\s_mp_exptmod.c">
      <Filter>Source Files\ltc</Filter>
    </ClCompile>
    <ClCompile Include="..\common\libtommath\s_mp_exptmod_fast.c">
      <Filter>Source Files\ltc</Filter>
    </ClCompile>
    <ClCompile Include="..\common\libtommath\s_mp_get_bit.c">
      <Filter>Source Files\ltc</Filter>
    </ClCompile>
    <ClCompile Include="..\common\libtommath\s_mp_invmod.c">
      <Filter>Source Files\ltc</Filter>
    </ClCompile>
    <ClCompile Include="..\common\libtommath\s_mp_invmod_odd.c">
      <Filter>Source Files\ltc</Filter>
    </ClCompile>
    <ClCompile Include="..\common\libtommath\s_mp_log.c">
      <Filter>Source Files\ltc</Filter>
    </ClCompile>
    <ClCompile Include="..\common\libtommath\s_mp_log_2expt.c">
      <Filter>Source Files\ltc</Filter>
    </ClCompile>
    <ClCompile Include="..\common\libtommath\s_mp_log_d.c">
      <Filter>Source Files\ltc</Filter>
    </ClCompile>
    <ClCompile Include="..\common\libtommath\s_mp_montgomery_reduce_comba.c">
      <Filter>Source Files\ltc</Filter>
    </ClCompile>
    <ClCompile Include="..\common\libtommath\s_mp_mul.c">
      <Filter>Source Files\ltc</Filter>
    </ClCompile>
    <ClCompile Include="..\common\libtommath\s_mp_mul_balance.c">
      <Filter>Source Files\ltc</Filter>
    </ClCompile>
    <ClCompile Include="..\common\libtommath\s_mp_mul_comba.c">
      <Filter>Source Files\ltc</Filter>
    </ClCompile>
    <ClCompile Include="..\common\libtommath\s_mp_mul_high.c">
      <Filter>Source Files\ltc</Filter>
    </ClCompile>
    <ClCompile Include="..\common\libtommath\s_mp_mul_high_comba.c">
      <Filter>Source Files\ltc</Filter>
    </ClCompile>
    <ClCompile Include="..\common\libtommath\s_mp_mul_karatsuba.c">
      <Filter>Source Files\ltc</Filter>
    </ClCompile>
    <ClCompile Include="..\common\libtommath\s_mp_mul_toom.c">
      <Filter>Source Files\ltc</Filter>
    </ClCompile>
    <ClCompile Include="..\common\libtommath\s_mp_prime_is_divisible.c">
      <Filter>Source Files\ltc</Filter>
    </ClCompile>
    <ClCompile Include="..\common\libtommath\s_mp_prime_tab.c">
      <Filter>Source Files\ltc</Filter>
    </ClCompile>
    <ClCompile Include="..\common\libtommath\s_mp_radix_map.c">
      <Filter>Source Files\ltc</Filter>
    </ClCompile>
    <ClCompile Include="..\common\libtommath\s_mp_radix_size_overestimate.c">
      <Filter>Source Files\ltc</Filter>
    </ClCompile>
    <ClCompile Include="..\common\libtommath\s_mp_rand_platform.c">
      <Filter>Source Files\ltc</Filter>
    </ClCompile>
    <ClCompile Include="..\common\libtommath\s_mp_sqr.c">
      <Filter>Source Files\ltc</Filter>
    </ClCompile>
    <ClCompile Include="..\common\libtommath\s_mp_sqr_comba.c">
      <Filter>Source Files\ltc</Filter>
    </ClCompile>
    <ClCompile Include="..\common\libtommath\s_mp_sqr_karatsuba.c">
      <Filter>Source Files\ltc</Filter>
    </ClCompile>
    <ClCompile Include="..\common\libtommath\s_mp_sqr_toom.c">
      <Filter>Source Files\ltc</Filter>
    </ClCompile>
    <ClCompile Include="..\common\libtommath\s_mp_sub.c">
      <Filter>Source Files\ltc</Filter>
    </ClCompile>
    <ClCompile Include="..\common\libtommath\s_mp_zero_buf.c">
      <Filter>Source Files\ltc</Filter>
    </ClCompile>
    <ClCompile Include="..\common\libtommath\s_mp_zero_digs.c">
      <Filter>Source Files\ltc</Filter>
    </ClCompile>
    <ClCompile Include="..\common\libtomcrypt\src\hashes\sha2\sha512.c">
      <Filter>Source Files\ltc</Filter>
    </ClCompile>
    <ClCompile Include="..\common\libtomcrypt\src\prngs\sprng.c">
      <Filter>Source Files\ltc</Filter>
    </ClCompile>
    <ClCompile Include="..\common\libtomcrypt\src\pk\asn1\x509\x509_decode_subject_public_key_info.c">
      <Filter>Source Files\ltc</Filter>
    </ClCompile>
    <ClCompile Include="..\common\libtomcrypt\src\pk\asn1\x509\x509_encode_subject_public_key_info.c">
      <Filter>Source Files\ltc</Filter>
    </ClCompile>
    <ClCompile Include="..\common\libtomcrypt\src\misc\zeromem.c">
      <Filter>Source Files\ltc</Filter>
    </ClCompile>
    <ClCompile Include="..\common\libtomcrypt\src\hashes\sha2\sha256.c">
      <Filter>Source Files\ltc</Filter>
    </ClCompile>
    <ClCompile Include="..\common\libtomcrypt\src\hashes\sha1.c">
      <Filter>Source Files\ltc</Filter>
    </ClCompile>
    <ClCompile Include="..\common\libtomcrypt\src\modes\ofb\ofb_start.c">
      <Filter>Source Files\ltc</Filter>
    </ClCompile>
    <ClCompile Include="..\common\libtomcrypt\src\modes\ofb\ofb_decrypt.c">
      <Filter>Source Files\ltc</Filter>
    </ClCompile>
    <ClCompile Include="..\common\libtomcrypt\src\modes\ofb\ofb_done.c">
      <Filter>Source Files\ltc</Filter>
    </ClCompile>
    <ClCompile Include="..\common\libtomcrypt\src\modes\ofb\ofb_encrypt.c">
      <Filter>Source Files\ltc</Filter>
    </ClCompile>
    <ClCompile Include="..\common\libtomcrypt\src\modes\ofb\ofb_getiv.c">
      <Filter>Source Files\ltc</Filter>
    </ClCompile>
    <ClCompile Include="..\common\libtomcrypt\src\modes\ofb\ofb_setiv.c">
      <Filter>Source Files\ltc</Filter>
    </ClCompile>
    <ClCompile Include="..\common\libtomcrypt\src\prngs\yarrow.c">
      <Filter>Source Files\ltc</Filter>
    </ClCompile>
    <ClCompile Include="..\common\libtomcrypt\src\modes\ctr\ctr_decrypt.c">
      <Filter>Source Files\ltc</Filter>
    </ClCompile>
    <ClCompile Include="..\common\libtomcrypt\src\modes\ctr\ctr_done.c">
      <Filter>Source Files\ltc</Filter>
    </ClCompile>
    <ClCompile Include="..\common\libtomcrypt\src\modes\ctr\ctr_encrypt.c">
      <Filter>Source Files\ltc</Filter>
    </ClCompile>
    <ClCompile Include="..\common\libtomcrypt\src\modes\ctr\ctr_getiv.c">
      <Filter>Source Files\ltc</Filter>
    </ClCompile>
    <ClCompile Include="..\common\libtomcrypt\src\modes\ctr\ctr_setiv.c">
      <Filter>Source Files\ltc</Filter>
    </ClCompile>
    <ClCompile Include="..\common\libtomcrypt\src\modes\ctr\ctr_start.c">
      <Filter>Source Files\ltc</Filter>
    </ClCompile>
    <ClCompile Include="..\common\libtomcrypt\src\modes\ctr\ctr_test.c">
      <Filter>Source Files\ltc</Filter>
    </ClCompile>
  </ItemGroup>
  <ItemGroup>
    <ClInclude Include="d8u\json.hpp">
      <Filter>d8u</Filter>
    </ClInclude>
    <ClInclude Include="gsl-lite.hpp">
      <Filter>Header Files</Filter>
    </ClInclude>
    <ClInclude Include="d8u\test.hpp">
      <Filter>d8u</Filter>
    </ClInclude>
    <ClInclude Include="catch.hpp">
      <Filter>Header Files</Filter>
    </ClInclude>
    <ClInclude Include="d8u\memory.hpp">
      <Filter>d8u</Filter>
    </ClInclude>
    <ClInclude Include="d8u\util.hpp">
      <Filter>d8u</Filter>
    </ClInclude>
    <ClInclude Include="d8u\tsm.hpp">
      <Filter>d8u</Filter>
    </ClInclude>
    <ClInclude Include="d8u\benchmark.hpp">
      <Filter>d8u</Filter>
    </ClInclude>
    <ClInclude Include="d8u\buffer.hpp">
      <Filter>d8u</Filter>
    </ClInclude>
    <ClInclude Include="d8u\string_switch.hpp">
      <Filter>d8u</Filter>
    </ClInclude>
    <ClInclude Include="d8u\transform.hpp">
      <Filter>d8u</Filter>
    </ClInclude>
    <ClInclude Include="d8u\string.hpp">
      <Filter>d8u</Filter>
    </ClInclude>
    <ClInclude Include="d8u\encode.hpp">
      <Filter>d8u</Filter>
    </ClInclude>
    <ClInclude Include="d8u\hash.hpp">
      <Filter>d8u</Filter>
    </ClInclude>
    <ClInclude Include="d8u\cmd.hpp">
      <Filter>d8u</Filter>
    </ClInclude>
    <ClInclude Include="d8u\win32_misc.h">
      <Filter>d8u</Filter>
    </ClInclude>
    <ClInclude Include="..\common\zopfli\zopfli\blocksplitter.h">
      <Filter>Source Files\zopfli</Filter>
    </ClInclude>
    <ClInclude Include="..\common\zopfli\zopfli\cache.h">
      <Filter>Source Files\zopfli</Filter>
    </ClInclude>
    <ClInclude Include="..\common\zopfli\zopfli\deflate.h">
      <Filter>Source Files\zopfli</Filter>
    </ClInclude>
    <ClInclude Include="..\common\zopfli\zopfli\gzip_container.h">
      <Filter>Source Files\zopfli</Filter>
    </ClInclude>
    <ClInclude Include="..\common\zopfli\zopfli\hash.h">
      <Filter>Source Files\zopfli</Filter>
    </ClInclude>
    <ClInclude Include="..\common\zopfli\zopfli\katajainen.h">
      <Filter>Source Files\zopfli</Filter>
    </ClInclude>
    <ClInclude Include="..\common\zopfli\zopfli\lz77.h">
      <Filter>Source Files\zopfli</Filter>
    </ClInclude>
    <ClInclude Include="..\common\zopfli\zopfli\squeeze.h">
      <Filter>Source Files\zopfli</Filter>
    </ClInclude>
    <ClInclude Include="..\common\zopfli\zopfli\symbols.h">
      <Filter>Source Files\zopfli</Filter>
    </ClInclude>
    <ClInclude Include="..\common\zopfli\zopfli\tree.h">
      <Filter>Source Files\zopfli</Filter>
    </ClInclude>
    <ClInclude Include="..\common\zopfli\zopfli\util.h">
      <Filter>Source Files\zopfli</Filter>
    </ClInclude>
    <ClInclude Include="..\common\zopfli\zopfli\zlib_container.h">
      <Filter>Source Files\zopfli</Filter>
    </ClInclude>
    <ClInclude Include="..\common\zopfli\zopfli\zopfli.h">
      <Filter>Source Files\zopfli</Filter>
    </ClInclude>
    <ClInclude Include="d8u\crypto.hpp">
      <Filter>d8u</Filter>
    </ClInclude>
    <ClInclude Include="d8u\async.hpp">
      <Filter>d8u</Filter>
    </ClInclude>
    <ClInclude Include="d8u\time.hpp">
      <Filter>d8u</Filter>
    </ClInclude>
    <ClInclude Include="d8u\alt_crypto.hpp">
      <Filter>d8u</Filter>
    </ClInclude>
    <ClInclude Include="appi.hpp">
      <Filter>d8u</Filter>
    </ClInclude>
    <ClInclude Include="..\common\minilzo-2.10\minilzo\lzoconf.h">
      <Filter>Source Files\minilzo</Filter>
    </ClInclude>
    <ClInclude Include="..\common\minilzo-2.10\minilzo\lzodefs.h">
      <Filter>Source Files\minilzo</Filter>
    </ClInclude>
    <ClInclude Include="..\common\minilzo-2.10\minilzo\minilzo.h">
      <Filter>Source Files\minilzo</Filter>
    </ClInclude>
    <ClInclude Include="d8u\ltc.hpp">
      <Filter>d8u</Filter>
    </ClInclude>
    <ClInclude Include="d8u\cryptopp_crypto.hpp">
      <Filter>d8u</Filter>
    </ClInclude>
    <ClInclude Include="d8u\cryptopp_hash.hpp">
      <Filter>d8u</Filter>
    </ClInclude>
    <ClInclude Include="d8u\ltc_crypto.hpp">
      <Filter>d8u</Filter>
    </ClInclude>
    <ClInclude Include="d8u\ltc_hash.hpp">
      <Filter>d8u</Filter>
    </ClInclude>
    <ClInclude Include="d8u\naive_crypto.hpp">
      <Filter>d8u</Filter>
    </ClInclude>
    <ClInclude Include="d8u\naive_hash.hpp">
      <Filter>d8u</Filter>
    </ClInclude>
    <ClInclude Include="d8u\research_crypto.hpp">
      <Filter>d8u</Filter>
    </ClInclude>
    <ClInclude Include="d8u\research_hash.hpp">
      <Filter>d8u</Filter>
    </ClInclude>
    <ClInclude Include="d8u\init.hpp">
      <Filter>d8u</Filter>
    </ClInclude>
    <ClInclude Include="d8u\test_crypto.hpp">
      <Filter>d8u</Filter>
    </ClInclude>
  </ItemGroup>
  <ItemGroup>
    <None Include=".gitignore" />
    <None Include="..\common\minilzo-2.10\minilzo\COPYING">
      <Filter>Source Files\minilzo</Filter>
    </None>
    <None Include="..\common\minilzo-2.10\minilzo\Makefile">
      <Filter>Source Files\minilzo</Filter>
    </None>
    <None Include="..\common\minilzo-2.10\minilzo\README.LZO">
      <Filter>Source Files\minilzo</Filter>
    </None>
  </ItemGroup>
</Project>