
Microsoft Visual Studio Solution File, Format Version 12.00
# Visual Studio Version 16
VisualStudioVersion = 16.0.29709.97
MinimumVisualStudioVersion = 10.0.40219.1
Project("{8BC9CEB8-8B4A-11D0-8D11-00A0C91BC942}") = "d8u", "d8u.vcxproj", "{132FBCCA-E9FB-4435-81A7-B8C75FECD7D6}"
EndProject
Global
	GlobalSection(SolutionConfigurationPlatforms) = preSolution
		Benchmark|x64 = Benchmark|x64
		Benchmark|x86 = Benchmark|x86
		Debug|x64 = Debug|x64
		Debug|x86 = Debug|x86
		Release|x64 = Release|x64
		Release|x86 = Release|x86
		Test|x64 = Test|x64
		Test|x86 = Test|x86
	EndGlobalSection
	GlobalSection(ProjectConfigurationPlatforms) = postSolution
		{132FBCCA-E9FB-4435-81A7-B8C75FECD7D6}.Benchmark|x64.ActiveCfg = Benchmark|x64
		{132FBCCA-E9FB-4435-81A7-B8C75FECD7D6}.Benchmark|x64.Build.0 = Benchmark|x64
		{132FBCCA-E9FB-4435-81A7-B8C75FECD7D6}.Benchmark|x86.ActiveCfg = Benchmark|Win32
		{132FBCCA-E9FB-4435-81A7-B8C75FECD7D6}.Benchmark|x86.Build.0 = Benchmark|Win32
		{132FBCCA-E9FB-4435-81A7-B8C75FECD7D6}.Debug|x64.ActiveCfg = Debug|x64
		{132FBCCA-E9FB-4435-81A7-B8C75FECD7D6}.Debug|x64.Build.0 = Debug|x64
		{132FBCCA-E9FB-4435-81A7-B8C75FECD7D6}.Debug|x86.ActiveCfg = Debug|Win32
		{132FBCCA-E9FB-4435-81A7-B8C75FECD7D6}.Debug|x86.Build.0 = Debug|Win32
		{132FBCCA-E9FB-4435-81A7-B8C75FECD7D6}.Release|x64.ActiveCfg = Release|x64
		{132FBCCA-E9FB-4435-81A7-B8C75FECD7D6}.Release|x64.Build.0 = Release|x64
		{132FBCCA-E9FB-4435-81A7-B8C75FECD7D6}.Release|x86.ActiveCfg = Release|Win32
		{132FBCCA-E9FB-4435-81A7-B8C75FECD7D6}.Release|x86.Build.0 = Release|Win32
		{132FBCCA-E9FB-4435-81A7-B8C75FECD7D6}.Test|x64.ActiveCfg = Test|x64
		{132FBCCA-E9FB-4435-81A7-B8C75FECD7D6}.Test|x64.Build.0 = Test|x64
		{132FBCCA-E9FB-4435-81A7-B8C75FECD7D6}.Test|x86.ActiveCfg = Test|Win32
		{132FBCCA-E9FB-4435-81A7-B8C75FECD7D6}.Test|x86.Build.0 = Test|Win32
	EndGlobalSection
	GlobalSection(SolutionProperties) = preSolution
		HideSolutionNode = FALSE
	EndGlobalSection
	GlobalSection(ExtensibilityGlobals) = postSolution
		SolutionGuid = {33CDA87D-BC0A-46BB-9B92-3894A1FADFDF}
	EndGlobalSection
EndGlobal
