<?xml version="1.0" encoding="utf-8"?>
<Project ToolsVersion="4.0" xmlns="http://schemas.microsoft.com/developer/msbuild/2003">
  <ItemGroup>
    <Filter Include="Source Files">
      <UniqueIdentifier>{4FC737F1-C7A5-4376-A066-2A32D752A2FF}</UniqueIdentifier>
      <Extensions>cpp;c;cc;cxx;def;odl;idl;hpj;bat;asm;asmx</Extensions>
    </Filter>
    <Filter Include="Header Files">
      <UniqueIdentifier>{93995380-89BD-4b04-88EB-625FBE52EBFB}</UniqueIdentifier>
      <Extensions>h;hh;hpp;hxx;hm;inl;inc;ipp;xsd</Extensions>
    </Filter>
    <Filter Include="Resource Files">
      <UniqueIdentifier>{67DA6AB6-F800-4c08-8B7A-83BB121AAD01}</UniqueIdentifier>
      <Extensions>rc;ico;cur;bmp;dlg;rc2;rct;bin;rgs;gif;jpg;jpeg;jpe;resx;tiff;tif;png;wav;mfcribbon-ms</Extensions>
    </Filter>
    <Filter Include="d8u">
      <UniqueIdentifier>{58ea17f4-1b98-458d-8fe7-cbefa47d8131}</UniqueIdentifier>
    </Filter>
    <Filter Include="Source Files\lzma">
      <UniqueIdentifier>{a1c5d6f0-5ce4-4246-ab3d-d514d0d59e94}</UniqueIdentifier>
    </Filter>
    <Filter Include="Source Files\zopfli">
      <UniqueIdentifier>{63bb105a-d553-4b91-a9c0-252622cffff1}</UniqueIdentifier>
    </Filter>
    <Filter Include="Source Files\minilzo">
      <UniqueIdentifier>{ae7f1f10-fda3-4b23-a26e-7ddda416d42f}</UniqueIdentifier>
    </Filter>
  </ItemGroup>
  <ItemGroup>
    <ClCompile Include="d8u.cpp">
      <Filter>Source Files</Filter>
    </ClCompile>
    <ClCompile Include="d8u\compare.hpp">
      <Filter>Header Files</Filter>
    </ClCompile>
    <ClCompile Include="..\common\LZMA19.00\LZMA\7zAlloc.c">
      <Filter>Source Files\lzma</Filter>
    </ClCompile>
    <ClCompile Include="..\common\LZMA19.00\LZMA\7zArcIn.c">
      <Filter>Source Files\lzma</Filter>
    </ClCompile>
    <ClCompile Include="..\common\LZMA19.00\LZMA\7zBuf.c">
      <Filter>Source Files\lzma</Filter>
    </ClCompile>
    <ClCompile Include="..\common\LZMA19.00\LZMA\7zBuf2.c">
      <Filter>Source Files\lzma</Filter>
    </ClCompile>
    <ClCompile Include="..\common\LZMA19.00\LZMA\7zCrc.c">
      <Filter>Source Files\lzma</Filter>
    </ClCompile>
    <ClCompile Include="..\common\LZMA19.00\LZMA\7zCrcOpt.c">
      <Filter>Source Files\lzma</Filter>
    </ClCompile>
    <ClCompile Include="..\common\LZMA19.00\LZMA\7zDec.c">
      <Filter>Source Files\lzma</Filter>
    </ClCompile>
    <ClCompile Include="..\common\LZMA19.00\LZMA\7zFile.c">
      <Filter>Source Files\lzma</Filter>
    </ClCompile>
    <ClCompile Include="..\common\LZMA19.00\LZMA\7zStream.c">
      <Filter>Source Files\lzma</Filter>
    </ClCompile>
    <ClCompile Include="..\common\LZMA19.00\LZMA\Aes.c">
      <Filter>Source Files\lzma</Filter>
    </ClCompile>
    <ClCompile Include="..\common\LZMA19.00\LZMA\AesOpt.c">
      <Filter>Source Files\lzma</Filter>
    </ClCompile>
    <ClCompile Include="..\common\LZMA19.00\LZMA\Alloc.c">
      <Filter>Source Files\lzma</Filter>
    </ClCompile>
    <ClCompile Include="..\common\LZMA19.00\LZMA\Bcj2.c">
      <Filter>Source Files\lzma</Filter>
    </ClCompile>
    <ClCompile Include="..\common\LZMA19.00\LZMA\Bcj2Enc.c">
      <Filter>Source Files\lzma</Filter>
    </ClCompile>
    <ClCompile Include="..\common\LZMA19.00\LZMA\Bra.c">
      <Filter>Source Files\lzma</Filter>
    </ClCompile>
    <ClCompile Include="..\common\LZMA19.00\LZMA\Bra86.c">
      <Filter>Source Files\lzma</Filter>
    </ClCompile>
    <ClCompile Include="..\common\LZMA19.00\LZMA\BraIA64.c">
      <Filter>Source Files\lzma</Filter>
    </ClCompile>
    <ClCompile Include="..\common\LZMA19.00\LZMA\CpuArch.c">
      <Filter>Source Files\lzma</Filter>
    </ClCompile>
    <ClCompile Include="..\common\LZMA19.00\LZMA\Delta.c">
      <Filter>Source Files\lzma</Filter>
    </ClCompile>
    <ClCompile Include="..\common\LZMA19.00\LZMA\DllSecur.c">
      <Filter>Source Files\lzma</Filter>
    </ClCompile>
    <ClCompile Include="..\common\LZMA19.00\LZMA\LzFind.c">
      <Filter>Source Files\lzma</Filter>
    </ClCompile>
    <ClCompile Include="..\common\LZMA19.00\LZMA\LzFindMt.c">
      <Filter>Source Files\lzma</Filter>
    </ClCompile>
    <ClCompile Include="..\common\LZMA19.00\LZMA\Lzma2Dec.c">
      <Filter>Source Files\lzma</Filter>
    </ClCompile>
    <ClCompile Include="..\common\LZMA19.00\LZMA\Lzma2DecMt.c">
      <Filter>Source Files\lzma</Filter>
    </ClCompile>
    <ClCompile Include="..\common\LZMA19.00\LZMA\Lzma2Enc.c">
      <Filter>Source Files\lzma</Filter>
    </ClCompile>
    <ClCompile Include="..\common\LZMA19.00\LZMA\Lzma86Dec.c">
      <Filter>Source Files\lzma</Filter>
    </ClCompile>
    <ClCompile Include="..\common\LZMA19.00\LZMA\Lzma86Enc.c">
      <Filter>Source Files\lzma</Filter>
    </ClCompile>
    <ClCompile Include="..\common\LZMA19.00\LZMA\LzmaDec.c">
      <Filter>Source Files\lzma</Filter>
    </ClCompile>
    <ClCompile Include="..\common\LZMA19.00\LZMA\LzmaEnc.c">
      <Filter>Source Files\lzma</Filter>
    </ClCompile>
    <ClCompile Include="..\common\LZMA19.00\LZMA\LzmaLib.c">
      <Filter>Source Files\lzma</Filter>
    </ClCompile>
    <ClCompile Include="..\common\LZMA19.00\LZMA\MtCoder.c">
      <Filter>Source Files\lzma</Filter>
    </ClCompile>
    <ClCompile Include="..\common\LZMA19.00\LZMA\MtDec.c">
      <Filter>Source Files\lzma</Filter>
    </ClCompile>
    <ClCompile Include="..\common\LZMA19.00\LZMA\Ppmd7.c">
      <Filter>Source Files\lzma</Filter>
    </ClCompile>
    <ClCompile Include="..\common\LZMA19.00\LZMA\Ppmd7Dec.c">
      <Filter>Source Files\lzma</Filter>
    </ClCompile>
    <ClCompile Include="..\common\LZMA19.00\LZMA\Ppmd7Enc.c">
      <Filter>Source Files\lzma</Filter>
    </ClCompile>
    <ClCompile Include="..\common\LZMA19.00\LZMA\Sha256.c">
      <Filter>Source Files\lzma</Filter>
    </ClCompile>
    <ClCompile Include="..\common\LZMA19.00\LZMA\Sort.c">
      <Filter>Source Files\lzma</Filter>
    </ClCompile>
    <ClCompile Include="..\common\LZMA19.00\LZMA\Threads.c">
      <Filter>Source Files\lzma</Filter>
    </ClCompile>
    <ClCompile Include="..\common\LZMA19.00\LZMA\Xz.c">
      <Filter>Source Files\lzma</Filter>
    </ClCompile>
    <ClCompile Include="..\common\LZMA19.00\LZMA\XzCrc64.c">
      <Filter>Source Files\lzma</Filter>
    </ClCompile>
    <ClCompile Include="..\common\LZMA19.00\LZMA\XzCrc64Opt.c">
      <Filter>Source Files\lzma</Filter>
    </ClCompile>
    <ClCompile Include="..\common\LZMA19.00\LZMA\XzDec.c">
      <Filter>Source Files\lzma</Filter>
    </ClCompile>
    <ClCompile Include="..\common\LZMA19.00\LZMA\XzEnc.c">
      <Filter>Source Files\lzma</Filter>
    </ClCompile>
    <ClCompile Include="..\common\LZMA19.00\LZMA\XzIn.c">
      <Filter>Source Files\lzma</Filter>
    </ClCompile>
    <ClCompile Include="..\common\zopfli\zopfli\blocksplitter.c">
      <Filter>Source Files\zopfli</Filter>
    </ClCompile>
    <ClCompile Include="..\common\zopfli\zopfli\cache.c">
      <Filter>Source Files\zopfli</Filter>
    </ClCompile>
    <ClCompile Include="..\common\zopfli\zopfli\deflate.c">
      <Filter>Source Files\zopfli</Filter>
    </ClCompile>
    <ClCompile Include="..\common\zopfli\zopfli\gzip_container.c">
      <Filter>Source Files\zopfli</Filter>
    </ClCompile>
    <ClCompile Include="..\common\zopfli\zopfli\hash.c">
      <Filter>Source Files\zopfli</Filter>
    </ClCompile>
    <ClCompile Include="..\common\zopfli\zopfli\katajainen.c">
      <Filter>Source Files\zopfli</Filter>
    </ClCompile>
    <ClCompile Include="..\common\zopfli\zopfli\lz77.c">
      <Filter>Source Files\zopfli</Filter>
    </ClCompile>
    <ClCompile Include="..\common\zopfli\zopfli\squeeze.c">
      <Filter>Source Files\zopfli</Filter>
    </ClCompile>
    <ClCompile Include="..\common\zopfli\zopfli\tree.c">
      <Filter>Source Files\zopfli</Filter>
    </ClCompile>
    <ClCompile Include="..\common\zopfli\zopfli\util.c">
      <Filter>Source Files\zopfli</Filter>
    </ClCompile>
    <ClCompile Include="..\common\zopfli\zopfli\zlib_container.c">
      <Filter>Source Files\zopfli</Filter>
    </ClCompile>
    <ClCompile Include="..\common\zopfli\zopfli\zopfli_bin.c">
      <Filter>Source Files\zopfli</Filter>
    </ClCompile>
    <ClCompile Include="..\common\zopfli\zopfli\zopfli_lib.c">
      <Filter>Source Files\zopfli</Filter>
    </ClCompile>
    <ClCompile Include="..\common\minilzo-2.10\minilzo\minilzo.c">
      <Filter>Source Files\minilzo</Filter>
    </ClCompile>
    <ClCompile Include="..\common\minilzo-2.10\minilzo\testmini.c">
      <Filter>Source Files\minilzo</Filter>
    </ClCompile>
  </ItemGroup>
  <ItemGroup>
    <ClInclude Include="d8u\json.hpp">
      <Filter>d8u</Filter>
    </ClInclude>
    <ClInclude Include="gsl-lite.hpp">
      <Filter>Header Files</Filter>
    </ClInclude>
    <ClInclude Include="d8u\test.hpp">
      <Filter>d8u</Filter>
    </ClInclude>
    <ClInclude Include="catch.hpp">
      <Filter>Header Files</Filter>
    </ClInclude>
    <ClInclude Include="d8u\memory.hpp">
      <Filter>d8u</Filter>
    </ClInclude>
    <ClInclude Include="d8u\util.hpp">
      <Filter>d8u</Filter>
    </ClInclude>
    <ClInclude Include="d8u\tsm.hpp">
      <Filter>d8u</Filter>
    </ClInclude>
    <ClInclude Include="d8u\benchmark.hpp">
      <Filter>d8u</Filter>
    </ClInclude>
    <ClInclude Include="d8u\buffer.hpp">
      <Filter>d8u</Filter>
    </ClInclude>
    <ClInclude Include="d8u\string_switch.hpp">
      <Filter>d8u</Filter>
    </ClInclude>
    <ClInclude Include="d8u\transform.hpp">
      <Filter>d8u</Filter>
    </ClInclude>
    <ClInclude Include="d8u\string.hpp">
      <Filter>d8u</Filter>
    </ClInclude>
    <ClInclude Include="d8u\encode.hpp">
      <Filter>d8u</Filter>
    </ClInclude>
    <ClInclude Include="d8u\hash.hpp">
      <Filter>d8u</Filter>
    </ClInclude>
    <ClInclude Include="d8u\cmd.hpp">
      <Filter>d8u</Filter>
    </ClInclude>
    <ClInclude Include="d8u\win32_misc.h">
      <Filter>d8u</Filter>
    </ClInclude>
    <ClInclude Include="..\common\zopfli\zopfli\blocksplitter.h">
      <Filter>Source Files\zopfli</Filter>
    </ClInclude>
    <ClInclude Include="..\common\zopfli\zopfli\cache.h">
      <Filter>Source Files\zopfli</Filter>
    </ClInclude>
    <ClInclude Include="..\common\zopfli\zopfli\deflate.h">
      <Filter>Source Files\zopfli</Filter>
    </ClInclude>
    <ClInclude Include="..\common\zopfli\zopfli\gzip_container.h">
      <Filter>Source Files\zopfli</Filter>
    </ClInclude>
    <ClInclude Include="..\common\zopfli\zopfli\hash.h">
      <Filter>Source Files\zopfli</Filter>
    </ClInclude>
    <ClInclude Include="..\common\zopfli\zopfli\katajainen.h">
      <Filter>Source Files\zopfli</Filter>
    </ClInclude>
    <ClInclude Include="..\common\zopfli\zopfli\lz77.h">
      <Filter>Source Files\zopfli</Filter>
    </ClInclude>
    <ClInclude Include="..\common\zopfli\zopfli\squeeze.h">
      <Filter>Source Files\zopfli</Filter>
    </ClInclude>
    <ClInclude Include="..\common\zopfli\zopfli\symbols.h">
      <Filter>Source Files\zopfli</Filter>
    </ClInclude>
    <ClInclude Include="..\common\zopfli\zopfli\tree.h">
      <Filter>Source Files\zopfli</Filter>
    </ClInclude>
    <ClInclude Include="..\common\zopfli\zopfli\util.h">
      <Filter>Source Files\zopfli</Filter>
    </ClInclude>
    <ClInclude Include="..\common\zopfli\zopfli\zlib_container.h">
      <Filter>Source Files\zopfli</Filter>
    </ClInclude>
    <ClInclude Include="..\common\zopfli\zopfli\zopfli.h">
      <Filter>Source Files\zopfli</Filter>
    </ClInclude>
    <ClInclude Include="d8u\crypto.hpp">
      <Filter>d8u</Filter>
    </ClInclude>
    <ClInclude Include="d8u\async.hpp">
      <Filter>d8u</Filter>
    </ClInclude>
    <ClInclude Include="d8u\time.hpp">
      <Filter>d8u</Filter>
    </ClInclude>
    <ClInclude Include="d8u\alt_crypto.hpp">
      <Filter>d8u</Filter>
    </ClInclude>
    <ClInclude Include="appi.hpp">
      <Filter>d8u</Filter>
    </ClInclude>
    <ClInclude Include="..\common\minilzo-2.10\minilzo\lzoconf.h">
      <Filter>Source Files\minilzo</Filter>
    </ClInclude>
    <ClInclude Include="..\common\minilzo-2.10\minilzo\lzodefs.h">
      <Filter>Source Files\minilzo</Filter>
    </ClInclude>
    <ClInclude Include="..\common\minilzo-2.10\minilzo\minilzo.h">
      <Filter>Source Files\minilzo</Filter>
    </ClInclude>
  </ItemGroup>
  <ItemGroup>
    <None Include=".gitignore" />
    <None Include="..\common\minilzo-2.10\minilzo\COPYING">
      <Filter>Source Files\minilzo</Filter>
    </None>
    <None Include="..\common\minilzo-2.10\minilzo\Makefile">
      <Filter>Source Files\minilzo</Filter>
    </None>
    <None Include="..\common\minilzo-2.10\minilzo\README.LZO">
      <Filter>Source Files\minilzo</Filter>
    </None>
  </ItemGroup>
</Project>